
Microsoft Visual Studio Solution File, Format Version 12.00
# Visual Studio Version 17
VisualStudioVersion = 17.10.35013.160
MinimumVisualStudioVersion = 10.0.40219.1
Project("{9A19103F-16F7-4668-BE54-9A1E7A4F7556}") = "Backend", "Backend.csproj", "{1FB54025-7A71-41F6-B86A-C8ECC62C88EB}"
EndProject
Global
	GlobalSection(SolutionConfigurationPlatforms) = preSolution
		Debug|Any CPU = Debug|Any CPU
		Release|Any CPU = Release|Any CPU
	EndGlobalSection
	GlobalSection(ProjectConfigurationPlatforms) = postSolution
		{1FB54025-7A71-41F6-B86A-C8ECC62C88EB}.Debug|Any CPU.ActiveCfg = Debug|Any CPU
		{1FB54025-7A71-41F6-B86A-C8ECC62C88EB}.Debug|Any CPU.Build.0 = Debug|Any CPU
		{1FB54025-7A71-41F6-B86A-C8ECC62C88EB}.Release|Any CPU.ActiveCfg = Release|Any CPU
		{1FB54025-7A71-41F6-B86A-C8ECC62C88EB}.Release|Any CPU.Build.0 = Release|Any CPU
	EndGlobalSection
	GlobalSection(SolutionProperties) = preSolution
		HideSolutionNode = FALSE
	EndGlobalSection
	GlobalSection(ExtensibilityGlobals) = postSolution
		SolutionGuid = {419E0F66-B6A5-410E-A8A2-470DAF656EE1}
	EndGlobalSection
EndGlobal
